
Microsoft Visual Studio Solution File, Format Version 12.00
# Visual Studio 15
VisualStudioVersion = 15.0.28010.2019
MinimumVisualStudioVersion = 10.0.40219.1
Project("{FAE04EC0-301F-11D3-BF4B-00C04F79EFBC}") = "WindowsFormsApp1", "WindowsFormsApp1\WindowsFormsApp1.csproj", "{670A14AE-C2A3-4D99-8AFA-AD09CB10F82D}"
EndProject
Global
	GlobalSection(SolutionConfigurationPlatforms) = preSolution
		Debug|Any CPU = Debug|Any CPU
		Release|Any CPU = Release|Any CPU
	EndGlobalSection
	GlobalSection(ProjectConfigurationPlatforms) = postSolution
		{670A14AE-C2A3-4D99-8AFA-AD09CB10F82D}.Debug|Any CPU.ActiveCfg = Debug|Any CPU
		{670A14AE-C2A3-4D99-8AFA-AD09CB10F82D}.Debug|Any CPU.Build.0 = Debug|Any CPU
		{670A14AE-C2A3-4D99-8AFA-AD09CB10F82D}.Release|Any CPU.ActiveCfg = Release|Any CPU
		{670A14AE-C2A3-4D99-8AFA-AD09CB10F82D}.Release|Any CPU.Build.0 = Release|Any CPU
	EndGlobalSection
	GlobalSection(SolutionProperties) = preSolution
		HideSolutionNode = FALSE
	EndGlobalSection
	GlobalSection(ExtensibilityGlobals) = postSolution
		SolutionGuid = {3B42F1E2-6002-4CF0-98FB-863D1C81112E}
	EndGlobalSection
EndGlobal
